
Microsoft Visual Studio Solution File, Format Version 12.00
# Visual Studio 15
VisualStudioVersion = 15.0.27428.2037
MinimumVisualStudioVersion = 10.0.40219.1
Project("{FAE04EC0-301F-11D3-BF4B-00C04F79EFBC}") = "urtextedit", "urtextedit\urtextedit.csproj", "{1C43FA43-BAB6-43D0-8280-95BCCC767D17}"
EndProject
Global
	GlobalSection(SolutionConfigurationPlatforms) = preSolution
		Debug|Any CPU = Debug|Any CPU
		Release|Any CPU = Release|Any CPU
	EndGlobalSection
	GlobalSection(ProjectConfigurationPlatforms) = postSolution
		{1C43FA43-BAB6-43D0-8280-95BCCC767D17}.Debug|Any CPU.ActiveCfg = Debug|Any CPU
		{1C43FA43-BAB6-43D0-8280-95BCCC767D17}.Debug|Any CPU.Build.0 = Debug|Any CPU
		{1C43FA43-BAB6-43D0-8280-95BCCC767D17}.Release|Any CPU.ActiveCfg = Release|Any CPU
		{1C43FA43-BAB6-43D0-8280-95BCCC767D17}.Release|Any CPU.Build.0 = Release|Any CPU
	EndGlobalSection
	GlobalSection(SolutionProperties) = preSolution
		HideSolutionNode = FALSE
	EndGlobalSection
	GlobalSection(ExtensibilityGlobals) = postSolution
		SolutionGuid = {379983A1-93B6-4DE2-A4F4-AD67DBC4B3C1}
	EndGlobalSection
EndGlobal
